// !$*UTF8*$!
{
	archiveVersion = 1;
	classes = {
	};
	objectVersion = 54;
	objects = {

/* Begin PBXBuildFile section */
		8A243AEA20D99188005947D6 /* ModelDescriptionViewController.swift in Sources */ = {isa = PBXBuildFile; fileRef = 8A243AE920D99188005947D6 /* ModelDescriptionViewController.swift */; };
		8A413B9120D2205F00A761EC /* AppDelegate.swift in Sources */ = {isa = PBXBuildFile; fileRef = 8A413B9020D2205F00A761EC /* AppDelegate.swift */; };
		8A413B9320D2205F00A761EC /* ViewController.swift in Sources */ = {isa = PBXBuildFile; fileRef = 8A413B9220D2205F00A761EC /* ViewController.swift */; };
		8A413B9620D2205F00A761EC /* Main.storyboard in Resources */ = {isa = PBXBuildFile; fileRef = 8A413B9420D2205F00A761EC /* Main.storyboard */; };
		8A413B9820D2206100A761EC /* Assets.xcassets in Resources */ = {isa = PBXBuildFile; fileRef = 8A413B9720D2206100A761EC /* Assets.xcassets */; };
		8A413B9B20D2206100A761EC /* LaunchScreen.storyboard in Resources */ = {isa = PBXBuildFile; fileRef = 8A413B9920D2206100A761EC /* LaunchScreen.storyboard */; };
		8A413BA620D221D500A761EC /* VideoCameraType.swift in Sources */ = {isa = PBXBuildFile; fileRef = 8A413BA320D221D500A761EC /* VideoCameraType.swift */; };
		8A413BA720D221D500A761EC /* VideoCapture.swift in Sources */ = {isa = PBXBuildFile; fileRef = 8A413BA420D221D500A761EC /* VideoCapture.swift */; };
		8A413BA820D221D500A761EC /* AVCaptureDevice+Extension.swift in Sources */ = {isa = PBXBuildFile; fileRef = 8A413BA520D221D500A761EC /* AVCaptureDevice+Extension.swift */; };
		8A8DE5C920D6DEA200914B67 /* models in Resources */ = {isa = PBXBuildFile; fileRef = 8A8DE5C820D6DEA200914B67 /* models */; };
		8AEC912C24273FD70014E67B /* BoundingBoxView.swift in Sources */ = {isa = PBXBuildFile; fileRef = 8AEC912B24273FD70014E67B /* BoundingBoxView.swift */; };
/* End PBXBuildFile section */

/* Begin PBXFileReference section */
		8A243AE920D99188005947D6 /* ModelDescriptionViewController.swift */ = {isa = PBXFileReference; lastKnownFileType = sourcecode.swift; path = ModelDescriptionViewController.swift; sourceTree = "<group>"; };
		8A413B8D20D2205F00A761EC /* MLModelCamera.app */ = {isa = PBXFileReference; explicitFileType = wrapper.application; includeInIndex = 0; path = MLModelCamera.app; sourceTree = BUILT_PRODUCTS_DIR; };
		8A413B9020D2205F00A761EC /* AppDelegate.swift */ = {isa = PBXFileReference; lastKnownFileType = sourcecode.swift; path = AppDelegate.swift; sourceTree = "<group>"; };
		8A413B9220D2205F00A761EC /* ViewController.swift */ = {isa = PBXFileReference; lastKnownFileType = sourcecode.swift; path = ViewController.swift; sourceTree = "<group>"; };
		8A413B9520D2205F00A761EC /* Base */ = {isa = PBXFileReference; lastKnownFileType = file.storyboard; name = Base; path = Base.lproj/Main.storyboard; sourceTree = "<group>"; };
		8A413B9720D2206100A761EC /* Assets.xcassets */ = {isa = PBXFileReference; lastKnownFileType = folder.assetcatalog; path = Assets.xcassets; sourceTree = "<group>"; };
		8A413B9A20D2206100A761EC /* Base */ = {isa = PBXFileReference; lastKnownFileType = file.storyboard; name = Base; path = Base.lproj/LaunchScreen.storyboard; sourceTree = "<group>"; };
		8A413B9C20D2206100A761EC /* Info.plist */ = {isa = PBXFileReference; lastKnownFileType = text.plist.xml; path = Info.plist; sourceTree = "<group>"; };
		8A413BA320D221D500A761EC /* VideoCameraType.swift */ = {isa = PBXFileReference; fileEncoding = 4; lastKnownFileType = sourcecode.swift; path = VideoCameraType.swift; sourceTree = "<group>"; };
		8A413BA420D221D500A761EC /* VideoCapture.swift */ = {isa = PBXFileReference; fileEncoding = 4; lastKnownFileType = sourcecode.swift; path = VideoCapture.swift; sourceTree = "<group>"; };
		8A413BA520D221D500A761EC /* AVCaptureDevice+Extension.swift */ = {isa = PBXFileReference; fileEncoding = 4; lastKnownFileType = sourcecode.swift; path = "AVCaptureDevice+Extension.swift"; sourceTree = "<group>"; };
		8A8DE5C820D6DEA200914B67 /* models */ = {isa = PBXFileReference; lastKnownFileType = folder; path = models; sourceTree = "<group>"; };
		8AEC912B24273FD70014E67B /* BoundingBoxView.swift */ = {isa = PBXFileReference; lastKnownFileType = sourcecode.swift; path = BoundingBoxView.swift; sourceTree = "<group>"; };
/* End PBXFileReference section */

/* Begin PBXFrameworksBuildPhase section */
		8A413B8A20D2205F00A761EC /* Frameworks */ = {
			isa = PBXFrameworksBuildPhase;
			buildActionMask = 2147483647;
			files = (
			);
			runOnlyForDeploymentPostprocessing = 0;
		};
/* End PBXFrameworksBuildPhase section */

/* Begin PBXGroup section */
		8A413B8420D2205F00A761EC = {
			isa = PBXGroup;
			children = (
				8A8DE5C820D6DEA200914B67 /* models */,
				8A413BA220D221D500A761EC /* VideoCapture */,
				8A413B8F20D2205F00A761EC /* MLModelCamera */,
				8A413B8E20D2205F00A761EC /* Products */,
			);
			sourceTree = "<group>";
		};
		8A413B8E20D2205F00A761EC /* Products */ = {
			isa = PBXGroup;
			children = (
				8A413B8D20D2205F00A761EC /* MLModelCamera.app */,
			);
			name = Products;
			sourceTree = "<group>";
		};
		8A413B8F20D2205F00A761EC /* MLModelCamera */ = {
			isa = PBXGroup;
			children = (
				8A413B9C20D2206100A761EC /* Info.plist */,
				8A413B9720D2206100A761EC /* Assets.xcassets */,
				8A413B9920D2206100A761EC /* LaunchScreen.storyboard */,
				8A413B9420D2205F00A761EC /* Main.storyboard */,
				8A413B9020D2205F00A761EC /* AppDelegate.swift */,
				8A413B9220D2205F00A761EC /* ViewController.swift */,
				8A243AE920D99188005947D6 /* ModelDescriptionViewController.swift */,
				8AEC912B24273FD70014E67B /* BoundingBoxView.swift */,
			);
			path = MLModelCamera;
			sourceTree = "<group>";
		};
		8A413BA220D221D500A761EC /* VideoCapture */ = {
			isa = PBXGroup;
			children = (
				8A413BA320D221D500A761EC /* VideoCameraType.swift */,
				8A413BA420D221D500A761EC /* VideoCapture.swift */,
				8A413BA520D221D500A761EC /* AVCaptureDevice+Extension.swift */,
			);
			path = VideoCapture;
			sourceTree = "<group>";
		};
/* End PBXGroup section */

/* Begin PBXNativeTarget section */
		8A413B8C20D2205F00A761EC /* MLModelCamera */ = {
			isa = PBXNativeTarget;
			buildConfigurationList = 8A413B9F20D2206100A761EC /* Build configuration list for PBXNativeTarget "MLModelCamera" */;
			buildPhases = (
				8A413B8920D2205F00A761EC /* Sources */,
				8A413B8A20D2205F00A761EC /* Frameworks */,
				8A413B8B20D2205F00A761EC /* Resources */,
			);
			buildRules = (
			);
			dependencies = (
			);
			name = MLModelCamera;
			productName = MLModelCamera;
			productReference = 8A413B8D20D2205F00A761EC /* MLModelCamera.app */;
			productType = "com.apple.product-type.application";
		};
/* End PBXNativeTarget section */

/* Begin PBXProject section */
		8A413B8520D2205F00A761EC /* Project object */ = {
			isa = PBXProject;
			attributes = {
				BuildIndependentTargetsInParallel = YES;
				LastSwiftUpdateCheck = 0940;
				LastUpgradeCheck = 1530;
				ORGANIZATIONNAME = "Shuichi Tsutsumi";
				TargetAttributes = {
					8A413B8C20D2205F00A761EC = {
						CreatedOnToolsVersion = 9.4;
						LastSwiftMigration = 1130;
					};
				};
			};
			buildConfigurationList = 8A413B8820D2205F00A761EC /* Build configuration list for PBXProject "MLModelCamera" */;
			compatibilityVersion = "Xcode 12.0";
			developmentRegion = en;
			hasScannedForEncodings = 0;
			knownRegions = (
				en,
				Base,
			);
			mainGroup = 8A413B8420D2205F00A761EC;
			productRefGroup = 8A413B8E20D2205F00A761EC /* Products */;
			projectDirPath = "";
			projectRoot = "";
			targets = (
				8A413B8C20D2205F00A761EC /* MLModelCamera */,
			);
		};
/* End PBXProject section */

/* Begin PBXResourcesBuildPhase section */
		8A413B8B20D2205F00A761EC /* Resources */ = {
			isa = PBXResourcesBuildPhase;
			buildActionMask = 2147483647;
			files = (
				8A413B9B20D2206100A761EC /* LaunchScreen.storyboard in Resources */,
				8A413B9820D2206100A761EC /* Assets.xcassets in Resources */,
				8A8DE5C920D6DEA200914B67 /* models in Resources */,
				8A413B9620D2205F00A761EC /* Main.storyboard in Resources */,
			);
			runOnlyForDeploymentPostprocessing = 0;
		};
/* End PBXResourcesBuildPhase section */

/* Begin PBXSourcesBuildPhase section */
		8A413B8920D2205F00A761EC /* Sources */ = {
			isa = PBXSourcesBuildPhase;
			buildActionMask = 2147483647;
			files = (
				8A413BA720D221D500A761EC /* VideoCapture.swift in Sources */,
				8AEC912C24273FD70014E67B /* BoundingBoxView.swift in Sources */,
				8A413B9320D2205F00A761EC /* ViewController.swift in Sources */,
				8A413B9120D2205F00A761EC /* AppDelegate.swift in Sources */,
				8A413BA820D221D500A761EC /* AVCaptureDevice+Extension.swift in Sources */,
				8A413BA620D221D500A761EC /* VideoCameraType.swift in Sources */,
				8A243AEA20D99188005947D6 /* ModelDescriptionViewController.swift in Sources */,
			);
			runOnlyForDeploymentPostprocessing = 0;
		};
/* End PBXSourcesBuildPhase section */

/* Begin PBXVariantGroup section */
		8A413B9420D2205F00A761EC /* Main.storyboard */ = {
			isa = PBXVariantGroup;
			children = (
				8A413B9520D2205F00A761EC /* Base */,
			);
			name = Main.storyboard;
			sourceTree = "<group>";
		};
		8A413B9920D2206100A761EC /* LaunchScreen.storyboard */ = {
			isa = PBXVariantGroup;
			children = (
				8A413B9A20D2206100A761EC /* Base */,
			);
			name = LaunchScreen.storyboard;
			sourceTree = "<group>";
		};
/* End PBXVariantGroup section */

/* Begin XCBuildConfiguration section */
		8A413B9D20D2206100A761EC /* Debug */ = {
			isa = XCBuildConfiguration;
			buildSettings = {
				ALWAYS_SEARCH_USER_PATHS = NO;
				CLANG_ANALYZER_NONNULL = YES;
				CLANG_ANALYZER_NUMBER_OBJECT_CONVERSION = YES_AGGRESSIVE;
				CLANG_CXX_LANGUAGE_STANDARD = "gnu++14";
				CLANG_CXX_LIBRARY = "libc++";
				CLANG_ENABLE_MODULES = YES;
				CLANG_ENABLE_OBJC_ARC = YES;
				CLANG_ENABLE_OBJC_WEAK = YES;
				CLANG_WARN_BLOCK_CAPTURE_AUTORELEASING = YES;
				CLANG_WARN_BOOL_CONVERSION = YES;
				CLANG_WARN_COMMA = YES;
				CLANG_WARN_CONSTANT_CONVERSION = YES;
				CLANG_WARN_DEPRECATED_OBJC_IMPLEMENTATIONS = YES;
				CLANG_WARN_DIRECT_OBJC_ISA_USAGE = YES_ERROR;
				CLANG_WARN_DOCUMENTATION_COMMENTS = YES;
				CLANG_WARN_EMPTY_BODY = YES;
				CLANG_WARN_ENUM_CONVERSION = YES;
				CLANG_WARN_INFINITE_RECURSION = YES;
				CLANG_WARN_INT_CONVERSION = YES;
				CLANG_WARN_NON_LITERAL_NULL_CONVERSION = YES;
				CLANG_WARN_OBJC_IMPLICIT_RETAIN_SELF = YES;
				CLANG_WARN_OBJC_LITERAL_CONVERSION = YES;
				CLANG_WARN_OBJC_ROOT_CLASS = YES_ERROR;
				CLANG_WARN_QUOTED_INCLUDE_IN_FRAMEWORK_HEADER = YES;
				CLANG_WARN_RANGE_LOOP_ANALYSIS = YES;
				CLANG_WARN_STRICT_PROTOTYPES = YES;
				CLANG_WARN_SUSPICIOUS_MOVE = YES;
				CLANG_WARN_UNGUARDED_AVAILABILITY = YES_AGGRESSIVE;
				CLANG_WARN_UNREACHABLE_CODE = YES;
				CLANG_WARN__DUPLICATE_METHOD_MATCH = YES;
				CODE_SIGN_IDENTITY = "iPhone Developer";
				COPY_PHASE_STRIP = NO;
				DEBUG_INFORMATION_FORMAT = dwarf;
				ENABLE_STRICT_OBJC_MSGSEND = YES;
				ENABLE_TESTABILITY = YES;
				ENABLE_USER_SCRIPT_SANDBOXING = YES;
				GCC_C_LANGUAGE_STANDARD = gnu11;
				GCC_DYNAMIC_NO_PIC = NO;
				GCC_NO_COMMON_BLOCKS = YES;
				GCC_OPTIMIZATION_LEVEL = 0;
				GCC_PREPROCESSOR_DEFINITIONS = (
					"DEBUG=1",
					"$(inherited)",
				);
				GCC_WARN_64_TO_32_BIT_CONVERSION = YES;
				GCC_WARN_ABOUT_RETURN_TYPE = YES_ERROR;
				GCC_WARN_UNDECLARED_SELECTOR = YES;
				GCC_WARN_UNINITIALIZED_AUTOS = YES_AGGRESSIVE;
				GCC_WARN_UNUSED_FUNCTION = YES;
				GCC_WARN_UNUSED_VARIABLE = YES;
				IPHONEOS_DEPLOYMENT_TARGET = 12.0;
				MTL_ENABLE_DEBUG_INFO = YES;
				ONLY_ACTIVE_ARCH = YES;
				SDKROOT = iphoneos;
				SWIFT_ACTIVE_COMPILATION_CONDITIONS = DEBUG;
				SWIFT_OPTIMIZATION_LEVEL = "-Onone";
			};
			name = Debug;
		};
		8A413B9E20D2206100A761EC /* Release */ = {
			isa = XCBuildConfiguration;
			buildSettings = {
				ALWAYS_SEARCH_USER_PATHS = NO;
				CLANG_ANALYZER_NONNULL = YES;
				CLANG_ANALYZER_NUMBER_OBJECT_CONVERSION = YES_AGGRESSIVE;
				CLANG_CXX_LANGUAGE_STANDARD = "gnu++14";
				CLANG_CXX_LIBRARY = "libc++";
				CLANG_ENABLE_MODULES = YES;
				CLANG_ENABLE_OBJC_ARC = YES;
				CLANG_ENABLE_OBJC_WEAK = YES;
				CLANG_WARN_BLOCK_CAPTURE_AUTORELEASING = YES;
				CLANG_WARN_BOOL_CONVERSION = YES;
				CLANG_WARN_COMMA = YES;
				CLANG_WARN_CONSTANT_CONVERSION = YES;
				CLANG_WARN_DEPRECATED_OBJC_IMPLEMENTATIONS = YES;
				CLANG_WARN_DIRECT_OBJC_ISA_USAGE = YES_ERROR;
				CLANG_WARN_DOCUMENTATION_COMMENTS = YES;
				CLANG_WARN_EMPTY_BODY = YES;
				CLANG_WARN_ENUM_CONVERSION = YES;
				CLANG_WARN_INFINITE_RECURSION = YES;
				CLANG_WARN_INT_CONVERSION = YES;
				CLANG_WARN_NON_LITERAL_NULL_CONVERSION = YES;
				CLANG_WARN_OBJC_IMPLICIT_RETAIN_SELF = YES;
				CLANG_WARN_OBJC_LITERAL_CONVERSION = YES;
				CLANG_WARN_OBJC_ROOT_CLASS = YES_ERROR;
				CLANG_WARN_QUOTED_INCLUDE_IN_FRAMEWORK_HEADER = YES;
				CLANG_WARN_RANGE_LOOP_ANALYSIS = YES;
				CLANG_WARN_STRICT_PROTOTYPES = YES;
				CLANG_WARN_SUSPICIOUS_MOVE = YES;
				CLANG_WARN_UNGUARDED_AVAILABILITY = YES_AGGRESSIVE;
				CLANG_WARN_UNREACHABLE_CODE = YES;
				CLANG_WARN__DUPLICATE_METHOD_MATCH = YES;
				CODE_SIGN_IDENTITY = "iPhone Developer";
				COPY_PHASE_STRIP = NO;
				DEBUG_INFORMATION_FORMAT = "dwarf-with-dsym";
				ENABLE_NS_ASSERTIONS = NO;
				ENABLE_STRICT_OBJC_MSGSEND = YES;
				ENABLE_USER_SCRIPT_SANDBOXING = YES;
				GCC_C_LANGUAGE_STANDARD = gnu11;
				GCC_NO_COMMON_BLOCKS = YES;
				GCC_WARN_64_TO_32_BIT_CONVERSION = YES;
				GCC_WARN_ABOUT_RETURN_TYPE = YES_ERROR;
				GCC_WARN_UNDECLARED_SELECTOR = YES;
				GCC_WARN_UNINITIALIZED_AUTOS = YES_AGGRESSIVE;
				GCC_WARN_UNUSED_FUNCTION = YES;
				GCC_WARN_UNUSED_VARIABLE = YES;
				IPHONEOS_DEPLOYMENT_TARGET = 12.0;
				MTL_ENABLE_DEBUG_INFO = NO;
				SDKROOT = iphoneos;
				SWIFT_COMPILATION_MODE = wholemodule;
				SWIFT_OPTIMIZATION_LEVEL = "-O";
				VALIDATE_PRODUCT = YES;
			};
			name = Release;
		};
		8A413BA020D2206100A761EC /* Debug */ = {
			isa = XCBuildConfiguration;
			buildSettings = {
				ASSETCATALOG_COMPILER_APPICON_NAME = AppIcon;
				CODE_SIGN_STYLE = Automatic;
				DEVELOPMENT_TEAM = 9Z86A4AWDE;
				INFOPLIST_FILE = MLModelCamera/Info.plist;
				IPHONEOS_DEPLOYMENT_TARGET = 12.0;
				LD_RUNPATH_SEARCH_PATHS = (
					"$(inherited)",
					"@executable_path/Frameworks",
				);
				PRODUCT_BUNDLE_IDENTIFIER = com.shu223.MLModelCamera;
				PRODUCT_NAME = "$(TARGET_NAME)";
				SWIFT_VERSION = 5.0;
				TARGETED_DEVICE_FAMILY = "1,2";
			};
			name = Debug;
		};
		8A413BA120D2206100A761EC /* Release */ = {
			isa = XCBuildConfiguration;
			buildSettings = {
				ASSETCATALOG_COMPILER_APPICON_NAME = AppIcon;
				CODE_SIGN_STYLE = Automatic;
				DEVELOPMENT_TEAM = 9Z86A4AWDE;
				INFOPLIST_FILE = MLModelCamera/Info.plist;
				IPHONEOS_DEPLOYMENT_TARGET = 12.0;
				LD_RUNPATH_SEARCH_PATHS = (
					"$(inherited)",
					"@executable_path/Frameworks",
				);
				PRODUCT_BUNDLE_IDENTIFIER = com.shu223.MLModelCamera;
				PRODUCT_NAME = "$(TARGET_NAME)";
				SWIFT_VERSION = 5.0;
				TARGETED_DEVICE_FAMILY = "1,2";
			};
			name = Release;
		};
/* End XCBuildConfiguration section */

/* Begin XCConfigurationList section */
		8A413B8820D2205F00A761EC /* Build configuration list for PBXProject "MLModelCamera" */ = {
			isa = XCConfigurationList;
			buildConfigurations = (
				8A413B9D20D2206100A761EC /* Debug */,
				8A413B9E20D2206100A761EC /* Release */,
			);
			defaultConfigurationIsVisible = 0;
			defaultConfigurationName = Release;
		};
		8A413B9F20D2206100A761EC /* Build configuration list for PBXNativeTarget "MLModelCamera" */ = {
			isa = XCConfigurationList;
			buildConfigurations = (
				8A413BA020D2206100A761EC /* Debug */,
				8A413BA120D2206100A761EC /* Release */,
			);
			defaultConfigurationIsVisible = 0;
			defaultConfigurationName = Release;
		};
/* End XCConfigurationList section */
	};
	rootObject = 8A413B8520D2205F00A761EC /* Project object */;
}
